// !$*UTF8*$!
{
	archiveVersion = 1;
	classes = {
	};
	objectVersion = 46;
	objects = {

/* Begin PBXBuildFile section */
		AE55BC2D1807DE0800209AB1 /* Default-568h@2x.png in Resources */ = {isa = PBXBuildFile; fileRef = AE55BC2B1807DE0800209AB1 /* Default-568h@2x.png */; };
		AE55BC2E1807DE0800209AB1 /* Default@2x.png in Resources */ = {isa = PBXBuildFile; fileRef = AE55BC2C1807DE0800209AB1 /* Default@2x.png */; };
		AE55C27A18089F2000209AB1 /* 1.png in Resources */ = {isa = PBXBuildFile; fileRef = AE55C26818089F2000209AB1 /* 1.png */; };
		AE55C27B18089F2000209AB1 /* 2.png in Resources */ = {isa = PBXBuildFile; fileRef = AE55C26918089F2000209AB1 /* 2.png */; };
		AE55C27C18089F2000209AB1 /* 3.png in Resources */ = {isa = PBXBuildFile; fileRef = AE55C26A18089F2000209AB1 /* 3.png */; };
		AE55C27D18089F2000209AB1 /* 4.png in Resources */ = {isa = PBXBuildFile; fileRef = AE55C26B18089F2000209AB1 /* 4.png */; };
		AE55C27E18089F2000209AB1 /* 5.png in Resources */ = {isa = PBXBuildFile; fileRef = AE55C26C18089F2000209AB1 /* 5.png */; };
		AE55C27F18089F2000209AB1 /* 6.png in Resources */ = {isa = PBXBuildFile; fileRef = AE55C26D18089F2000209AB1 /* 6.png */; };
		AE55C28018089F2000209AB1 /* 7.png in Resources */ = {isa = PBXBuildFile; fileRef = AE55C26E18089F2000209AB1 /* 7.png */; };
		AE55C28118089F2000209AB1 /* 8.png in Resources */ = {isa = PBXBuildFile; fileRef = AE55C26F18089F2000209AB1 /* 8.png */; };
		AE55C28218089F2000209AB1 /* 9.png in Resources */ = {isa = PBXBuildFile; fileRef = AE55C27018089F2000209AB1 /* 9.png */; };
		AE55C28318089F2000209AB1 /* 10.png in Resources */ = {isa = PBXBuildFile; fileRef = AE55C27118089F2000209AB1 /* 10.png */; };
		AE55C28418089F2000209AB1 /* 11.png in Resources */ = {isa = PBXBuildFile; fileRef = AE55C27218089F2000209AB1 /* 11.png */; };
		AE55C28518089F2000209AB1 /* 12.png in Resources */ = {isa = PBXBuildFile; fileRef = AE55C27318089F2000209AB1 /* 12.png */; };
		AE55C28618089F2000209AB1 /* 13.png in Resources */ = {isa = PBXBuildFile; fileRef = AE55C27418089F2000209AB1 /* 13.png */; };
		AE55C28718089F2000209AB1 /* 14.png in Resources */ = {isa = PBXBuildFile; fileRef = AE55C27518089F2000209AB1 /* 14.png */; };
		AE55C28818089F2000209AB1 /* 15.png in Resources */ = {isa = PBXBuildFile; fileRef = AE55C27618089F2000209AB1 /* 15.png */; };
		AE55C28918089F2000209AB1 /* 16.png in Resources */ = {isa = PBXBuildFile; fileRef = AE55C27718089F2000209AB1 /* 16.png */; };
		AE55C28A18089F2000209AB1 /* 17.png in Resources */ = {isa = PBXBuildFile; fileRef = AE55C27818089F2000209AB1 /* 17.png */; };
		AE55C28B18089F2000209AB1 /* 18.png in Resources */ = {isa = PBXBuildFile; fileRef = AE55C27918089F2000209AB1 /* 18.png */; };
		AE55C29418089FEC00209AB1 /* bolablanca.png in Resources */ = {isa = PBXBuildFile; fileRef = AE55C28C18089FEC00209AB1 /* bolablanca.png */; };
		AE55C29518089FEC00209AB1 /* bolaroja.png in Resources */ = {isa = PBXBuildFile; fileRef = AE55C28D18089FEC00209AB1 /* bolaroja.png */; };
		AE55C29618089FEC00209AB1 /* bolaverde.png in Resources */ = {isa = PBXBuildFile; fileRef = AE55C28E18089FEC00209AB1 /* bolaverde.png */; };
		AE55C29718089FEC00209AB1 /* boton-amarillo.png in Resources */ = {isa = PBXBuildFile; fileRef = AE55C28F18089FEC00209AB1 /* boton-amarillo.png */; };
		AE55C29818089FEC00209AB1 /* boton-azul.png in Resources */ = {isa = PBXBuildFile; fileRef = AE55C29018089FEC00209AB1 /* boton-azul.png */; };
		AE55C29918089FEC00209AB1 /* boton-blanco.png in Resources */ = {isa = PBXBuildFile; fileRef = AE55C29118089FEC00209AB1 /* boton-blanco.png */; };
		AE55C29A18089FEC00209AB1 /* boton-rojo.png in Resources */ = {isa = PBXBuildFile; fileRef = AE55C29218089FEC00209AB1 /* boton-rojo.png */; };
		AE55C29B18089FEC00209AB1 /* botonVolver.png in Resources */ = {isa = PBXBuildFile; fileRef = AE55C29318089FEC00209AB1 /* botonVolver.png */; };
		AE55C2AA1808A00600209AB1 /* dieciochoHoyos.png in Resources */ = {isa = PBXBuildFile; fileRef = AE55C29C1808A00600209AB1 /* dieciochoHoyos.png */; };
		AE55C2AB1808A00600209AB1 /* elegirPar3.png in Resources */ = {isa = PBXBuildFile; fileRef = AE55C29D1808A00600209AB1 /* elegirPar3.png */; };
		AE55C2AC1808A00600209AB1 /* elegirPar4.png in Resources */ = {isa = PBXBuildFile; fileRef = AE55C29E1808A00600209AB1 /* elegirPar4.png */; };
		AE55C2AD1808A00600209AB1 /* elegirPar5.png in Resources */ = {isa = PBXBuildFile; fileRef = AE55C29F1808A00600209AB1 /* elegirPar5.png */; };
		AE55C2AE1808A00600209AB1 /* fondo.jpg in Resources */ = {isa = PBXBuildFile; fileRef = AE55C2A01808A00600209AB1 /* fondo.jpg */; };
		AE55C2AF1808A00600209AB1 /* golpemas.png in Resources */ = {isa = PBXBuildFile; fileRef = AE55C2A11808A00600209AB1 /* golpemas.png */; };
		AE55C2B01808A00600209AB1 /* golpemenos.png in Resources */ = {isa = PBXBuildFile; fileRef = AE55C2A21808A00600209AB1 /* golpemenos.png */; };
		AE55C2B11808A00600209AB1 /* ladodcho.png in Resources */ = {isa = PBXBuildFile; fileRef = AE55C2A31808A00600209AB1 /* ladodcho.png */; };
		AE55C2B21808A00600209AB1 /* ladoizdo.png in Resources */ = {isa = PBXBuildFile; fileRef = AE55C2A41808A00600209AB1 /* ladoizdo.png */; };
		AE55C2B31808A00600209AB1 /* masomenos.png in Resources */ = {isa = PBXBuildFile; fileRef = AE55C2A51808A00600209AB1 /* masomenos.png */; };
		AE55C2B41808A00600209AB1 /* nueveHoyos.png in Resources */ = {isa = PBXBuildFile; fileRef = AE55C2A61808A00600209AB1 /* nueveHoyos.png */; };
		AE55C2B51808A00600209AB1 /* play.png in Resources */ = {isa = PBXBuildFile; fileRef = AE55C2A71808A00600209AB1 /* play.png */; };
		AE55C2B61808A00600209AB1 /* score-card.png in Resources */ = {isa = PBXBuildFile; fileRef = AE55C2A81808A00600209AB1 /* score-card.png */; };
		AE55C2B71808A00600209AB1 /* stats.png in Resources */ = {isa = PBXBuildFile; fileRef = AE55C2A91808A00600209AB1 /* stats.png */; };
		AE55C2C21808A04C00209AB1 /* golpe1.png in Resources */ = {isa = PBXBuildFile; fileRef = AE55C2B91808A04C00209AB1 /* golpe1.png */; };
		AE55C2C31808A04C00209AB1 /* golpe2.png in Resources */ = {isa = PBXBuildFile; fileRef = AE55C2BA1808A04C00209AB1 /* golpe2.png */; };
		AE55C2C41808A04C00209AB1 /* golpe3.png in Resources */ = {isa = PBXBuildFile; fileRef = AE55C2BB1808A04C00209AB1 /* golpe3.png */; };
		AE55C2C51808A04C00209AB1 /* golpe4.png in Resources */ = {isa = PBXBuildFile; fileRef = AE55C2BC1808A04C00209AB1 /* golpe4.png */; };
		AE55C2C61808A04C00209AB1 /* golpe5.png in Resources */ = {isa = PBXBuildFile; fileRef = AE55C2BD1808A04C00209AB1 /* golpe5.png */; };
		AE55C2C71808A04C00209AB1 /* golpe6.png in Resources */ = {isa = PBXBuildFile; fileRef = AE55C2BE1808A04C00209AB1 /* golpe6.png */; };
		AE55C2C81808A04C00209AB1 /* golpe7.png in Resources */ = {isa = PBXBuildFile; fileRef = AE55C2BF1808A04C00209AB1 /* golpe7.png */; };
		AE55C2C91808A04C00209AB1 /* golpe8.png in Resources */ = {isa = PBXBuildFile; fileRef = AE55C2C01808A04C00209AB1 /* golpe8.png */; };
		AE55C2CA1808A04C00209AB1 /* golpe9.png in Resources */ = {isa = PBXBuildFile; fileRef = AE55C2C11808A04C00209AB1 /* golpe9.png */; };
		AE55C2CC1808A08600209AB1 /* score-card.jpg in Resources */ = {isa = PBXBuildFile; fileRef = AE55C2CB1808A08600209AB1 /* score-card.jpg */; };
		AE55C2CE1808A0EF00209AB1 /* pantalla-inicio.png in Resources */ = {isa = PBXBuildFile; fileRef = AE55C2CD1808A0EF00209AB1 /* pantalla-inicio.png */; };
		AEF60E7918071E700037F3F8 /* Foundation.framework in Frameworks */ = {isa = PBXBuildFile; fileRef = AEF60E7818071E700037F3F8 /* Foundation.framework */; };
		AEF60E7B18071E700037F3F8 /* CoreGraphics.framework in Frameworks */ = {isa = PBXBuildFile; fileRef = AEF60E7A18071E700037F3F8 /* CoreGraphics.framework */; };
		AEF60E7D18071E700037F3F8 /* UIKit.framework in Frameworks */ = {isa = PBXBuildFile; fileRef = AEF60E7C18071E700037F3F8 /* UIKit.framework */; };
		AEF60E8318071E700037F3F8 /* InfoPlist.strings in Resources */ = {isa = PBXBuildFile; fileRef = AEF60E8118071E700037F3F8 /* InfoPlist.strings */; };
		AEF60E8518071E700037F3F8 /* main.m in Sources */ = {isa = PBXBuildFile; fileRef = AEF60E8418071E700037F3F8 /* main.m */; };
		AEF60E8918071E700037F3F8 /* AppDelegate.m in Sources */ = {isa = PBXBuildFile; fileRef = AEF60E8818071E700037F3F8 /* AppDelegate.m */; };
		AEF60E8C18071E700037F3F8 /* Main.storyboard in Resources */ = {isa = PBXBuildFile; fileRef = AEF60E8A18071E700037F3F8 /* Main.storyboard */; };
		AEF60E9118071E700037F3F8 /* Images.xcassets in Resources */ = {isa = PBXBuildFile; fileRef = AEF60E9018071E700037F3F8 /* Images.xcassets */; };
		AEF60E9818071E710037F3F8 /* XCTest.framework in Frameworks */ = {isa = PBXBuildFile; fileRef = AEF60E9718071E710037F3F8 /* XCTest.framework */; };
		AEF60E9918071E710037F3F8 /* Foundation.framework in Frameworks */ = {isa = PBXBuildFile; fileRef = AEF60E7818071E700037F3F8 /* Foundation.framework */; };
		AEF60E9A18071E710037F3F8 /* UIKit.framework in Frameworks */ = {isa = PBXBuildFile; fileRef = AEF60E7C18071E700037F3F8 /* UIKit.framework */; };
		AEF60EA218071E710037F3F8 /* InfoPlist.strings in Resources */ = {isa = PBXBuildFile; fileRef = AEF60EA018071E710037F3F8 /* InfoPlist.strings */; };
		AEF60EA418071E710037F3F8 /* TarjetaGolfTests.m in Sources */ = {isa = PBXBuildFile; fileRef = AEF60EA318071E710037F3F8 /* TarjetaGolfTests.m */; };
		AEF60EAF18071F580037F3F8 /* portadaViewController.m in Sources */ = {isa = PBXBuildFile; fileRef = AEF60EAE18071F580037F3F8 /* portadaViewController.m */; };
		AEF60EB318071F7B0037F3F8 /* inicioViewController.m in Sources */ = {isa = PBXBuildFile; fileRef = AEF60EB218071F7B0037F3F8 /* inicioViewController.m */; };
		AEF60EB718071FA30037F3F8 /* numeroDeHoyosViewController.m in Sources */ = {isa = PBXBuildFile; fileRef = AEF60EB618071FA30037F3F8 /* numeroDeHoyosViewController.m */; };
		AEF60EBB18071FBC0037F3F8 /* scoreViewController.m in Sources */ = {isa = PBXBuildFile; fileRef = AEF60EBA18071FBC0037F3F8 /* scoreViewController.m */; };
		AEF60EBF18071FE10037F3F8 /* statsViewController.m in Sources */ = {isa = PBXBuildFile; fileRef = AEF60EBE18071FE10037F3F8 /* statsViewController.m */; };
/* End PBXBuildFile section */

/* Begin PBXContainerItemProxy section */
		AEF60E9B18071E710037F3F8 /* PBXContainerItemProxy */ = {
			isa = PBXContainerItemProxy;
			containerPortal = AEF60E6D18071E700037F3F8 /* Project object */;
			proxyType = 1;
			remoteGlobalIDString = AEF60E7418071E700037F3F8;
			remoteInfo = TarjetaGolf;
		};
/* End PBXContainerItemProxy section */

/* Begin PBXFileReference section */
		AE55BC2B1807DE0800209AB1 /* Default-568h@2x.png */ = {isa = PBXFileReference; lastKnownFileType = image.png; name = "Default-568h@2x.png"; path = "Images.xcassets/LaunchImage.launchimage/Default-568h@2x.png"; sourceTree = "<group>"; };
		AE55BC2C1807DE0800209AB1 /* Default@2x.png */ = {isa = PBXFileReference; lastKnownFileType = image.png; name = "Default@2x.png"; path = "Images.xcassets/LaunchImage.launchimage/Default@2x.png"; sourceTree = "<group>"; };
		AE55C26818089F2000209AB1 /* 1.png */ = {isa = PBXFileReference; lastKnownFileType = image.png; path = 1.png; sourceTree = "<group>"; };
		AE55C26918089F2000209AB1 /* 2.png */ = {isa = PBXFileReference; lastKnownFileType = image.png; path = 2.png; sourceTree = "<group>"; };
		AE55C26A18089F2000209AB1 /* 3.png */ = {isa = PBXFileReference; lastKnownFileType = image.png; path = 3.png; sourceTree = "<group>"; };
		AE55C26B18089F2000209AB1 /* 4.png */ = {isa = PBXFileReference; lastKnownFileType = image.png; path = 4.png; sourceTree = "<group>"; };
		AE55C26C18089F2000209AB1 /* 5.png */ = {isa = PBXFileReference; lastKnownFileType = image.png; path = 5.png; sourceTree = "<group>"; };
		AE55C26D18089F2000209AB1 /* 6.png */ = {isa = PBXFileReference; lastKnownFileType = image.png; path = 6.png; sourceTree = "<group>"; };
		AE55C26E18089F2000209AB1 /* 7.png */ = {isa = PBXFileReference; lastKnownFileType = image.png; path = 7.png; sourceTree = "<group>"; };
		AE55C26F18089F2000209AB1 /* 8.png */ = {isa = PBXFileReference; lastKnownFileType = image.png; path = 8.png; sourceTree = "<group>"; };
		AE55C27018089F2000209AB1 /* 9.png */ = {isa = PBXFileReference; lastKnownFileType = image.png; path = 9.png; sourceTree = "<group>"; };
		AE55C27118089F2000209AB1 /* 10.png */ = {isa = PBXFileReference; lastKnownFileType = image.png; path = 10.png; sourceTree = "<group>"; };
		AE55C27218089F2000209AB1 /* 11.png */ = {isa = PBXFileReference; lastKnownFileType = image.png; path = 11.png; sourceTree = "<group>"; };
		AE55C27318089F2000209AB1 /* 12.png */ = {isa = PBXFileReference; lastKnownFileType = image.png; path = 12.png; sourceTree = "<group>"; };
		AE55C27418089F2000209AB1 /* 13.png */ = {isa = PBXFileReference; lastKnownFileType = image.png; path = 13.png; sourceTree = "<group>"; };
		AE55C27518089F2000209AB1 /* 14.png */ = {isa = PBXFileReference; lastKnownFileType = image.png; path = 14.png; sourceTree = "<group>"; };
		AE55C27618089F2000209AB1 /* 15.png */ = {isa = PBXFileReference; lastKnownFileType = image.png; path = 15.png; sourceTree = "<group>"; };
		AE55C27718089F2000209AB1 /* 16.png */ = {isa = PBXFileReference; lastKnownFileType = image.png; path = 16.png; sourceTree = "<group>"; };
		AE55C27818089F2000209AB1 /* 17.png */ = {isa = PBXFileReference; lastKnownFileType = image.png; path = 17.png; sourceTree = "<group>"; };
		AE55C27918089F2000209AB1 /* 18.png */ = {isa = PBXFileReference; lastKnownFileType = image.png; path = 18.png; sourceTree = "<group>"; };
		AE55C28C18089FEC00209AB1 /* bolablanca.png */ = {isa = PBXFileReference; lastKnownFileType = image.png; path = bolablanca.png; sourceTree = "<group>"; };
		AE55C28D18089FEC00209AB1 /* bolaroja.png */ = {isa = PBXFileReference; lastKnownFileType = image.png; path = bolaroja.png; sourceTree = "<group>"; };
		AE55C28E18089FEC00209AB1 /* bolaverde.png */ = {isa = PBXFileReference; lastKnownFileType = image.png; path = bolaverde.png; sourceTree = "<group>"; };
		AE55C28F18089FEC00209AB1 /* boton-amarillo.png */ = {isa = PBXFileReference; lastKnownFileType = image.png; path = "boton-amarillo.png"; sourceTree = "<group>"; };
		AE55C29018089FEC00209AB1 /* boton-azul.png */ = {isa = PBXFileReference; lastKnownFileType = image.png; path = "boton-azul.png"; sourceTree = "<group>"; };
		AE55C29118089FEC00209AB1 /* boton-blanco.png */ = {isa = PBXFileReference; lastKnownFileType = image.png; path = "boton-blanco.png"; sourceTree = "<group>"; };
		AE55C29218089FEC00209AB1 /* boton-rojo.png */ = {isa = PBXFileReference; lastKnownFileType = image.png; path = "boton-rojo.png"; sourceTree = "<group>"; };
		AE55C29318089FEC00209AB1 /* botonVolver.png */ = {isa = PBXFileReference; lastKnownFileType = image.png; path = botonVolver.png; sourceTree = "<group>"; };
		AE55C29C1808A00600209AB1 /* dieciochoHoyos.png */ = {isa = PBXFileReference; lastKnownFileType = image.png; path = dieciochoHoyos.png; sourceTree = "<group>"; };
		AE55C29D1808A00600209AB1 /* elegirPar3.png */ = {isa = PBXFileReference; lastKnownFileType = image.png; path = elegirPar3.png; sourceTree = "<group>"; };
		AE55C29E1808A00600209AB1 /* elegirPar4.png */ = {isa = PBXFileReference; lastKnownFileType = image.png; path = elegirPar4.png; sourceTree = "<group>"; };
		AE55C29F1808A00600209AB1 /* elegirPar5.png */ = {isa = PBXFileReference; lastKnownFileType = image.png; path = elegirPar5.png; sourceTree = "<group>"; };
		AE55C2A01808A00600209AB1 /* fondo.jpg */ = {isa = PBXFileReference; lastKnownFileType = image.jpeg; path = fondo.jpg; sourceTree = "<group>"; };
		AE55C2A11808A00600209AB1 /* golpemas.png */ = {isa = PBXFileReference; lastKnownFileType = image.png; path = golpemas.png; sourceTree = "<group>"; };
		AE55C2A21808A00600209AB1 /* golpemenos.png */ = {isa = PBXFileReference; lastKnownFileType = image.png; path = golpemenos.png; sourceTree = "<group>"; };
		AE55C2A31808A00600209AB1 /* ladodcho.png */ = {isa = PBXFileReference; lastKnownFileType = image.png; path = ladodcho.png; sourceTree = "<group>"; };
		AE55C2A41808A00600209AB1 /* ladoizdo.png */ = {isa = PBXFileReference; lastKnownFileType = image.png; path = ladoizdo.png; sourceTree = "<group>"; };
		AE55C2A51808A00600209AB1 /* masomenos.png */ = {isa = PBXFileReference; lastKnownFileType = image.png; path = masomenos.png; sourceTree = "<group>"; };
		AE55C2A61808A00600209AB1 /* nueveHoyos.png */ = {isa = PBXFileReference; lastKnownFileType = image.png; path = nueveHoyos.png; sourceTree = "<group>"; };
		AE55C2A71808A00600209AB1 /* play.png */ = {isa = PBXFileReference; lastKnownFileType = image.png; path = play.png; sourceTree = "<group>"; };
		AE55C2A81808A00600209AB1 /* score-card.png */ = {isa = PBXFileReference; lastKnownFileType = image.png; path = "score-card.png"; sourceTree = "<group>"; };
		AE55C2A91808A00600209AB1 /* stats.png */ = {isa = PBXFileReference; lastKnownFileType = image.png; path = stats.png; sourceTree = "<group>"; };
		AE55C2B91808A04C00209AB1 /* golpe1.png */ = {isa = PBXFileReference; lastKnownFileType = image.png; path = golpe1.png; sourceTree = "<group>"; };
		AE55C2BA1808A04C00209AB1 /* golpe2.png */ = {isa = PBXFileReference; lastKnownFileType = image.png; path = golpe2.png; sourceTree = "<group>"; };
		AE55C2BB1808A04C00209AB1 /* golpe3.png */ = {isa = PBXFileReference; lastKnownFileType = image.png; path = golpe3.png; sourceTree = "<group>"; };
		AE55C2BC1808A04C00209AB1 /* golpe4.png */ = {isa = PBXFileReference; lastKnownFileType = image.png; path = golpe4.png; sourceTree = "<group>"; };
		AE55C2BD1808A04C00209AB1 /* golpe5.png */ = {isa = PBXFileReference; lastKnownFileType = image.png; path = golpe5.png; sourceTree = "<group>"; };
		AE55C2BE1808A04C00209AB1 /* golpe6.png */ = {isa = PBXFileReference; lastKnownFileType = image.png; path = golpe6.png; sourceTree = "<group>"; };
		AE55C2BF1808A04C00209AB1 /* golpe7.png */ = {isa = PBXFileReference; lastKnownFileType = image.png; path = golpe7.png; sourceTree = "<group>"; };
		AE55C2C01808A04C00209AB1 /* golpe8.png */ = {isa = PBXFileReference; lastKnownFileType = image.png; path = golpe8.png; sourceTree = "<group>"; };
		AE55C2C11808A04C00209AB1 /* golpe9.png */ = {isa = PBXFileReference; lastKnownFileType = image.png; path = golpe9.png; sourceTree = "<group>"; };
		AE55C2CB1808A08600209AB1 /* score-card.jpg */ = {isa = PBXFileReference; lastKnownFileType = image.jpeg; path = "score-card.jpg"; sourceTree = "<group>"; };
		AE55C2CD1808A0EF00209AB1 /* pantalla-inicio.png */ = {isa = PBXFileReference; lastKnownFileType = image.png; path = "pantalla-inicio.png"; sourceTree = "<group>"; };
		AEF60E7518071E700037F3F8 /* TarjetaGolf.app */ = {isa = PBXFileReference; explicitFileType = wrapper.application; includeInIndex = 0; path = TarjetaGolf.app; sourceTree = BUILT_PRODUCTS_DIR; };
		AEF60E7818071E700037F3F8 /* Foundation.framework */ = {isa = PBXFileReference; lastKnownFileType = wrapper.framework; name = Foundation.framework; path = System/Library/Frameworks/Foundation.framework; sourceTree = SDKROOT; };
		AEF60E7A18071E700037F3F8 /* CoreGraphics.framework */ = {isa = PBXFileReference; lastKnownFileType = wrapper.framework; name = CoreGraphics.framework; path = System/Library/Frameworks/CoreGraphics.framework; sourceTree = SDKROOT; };
		AEF60E7C18071E700037F3F8 /* UIKit.framework */ = {isa = PBXFileReference; lastKnownFileType = wrapper.framework; name = UIKit.framework; path = System/Library/Frameworks/UIKit.framework; sourceTree = SDKROOT; };
		AEF60E8018071E700037F3F8 /* TarjetaGolf-Info.plist */ = {isa = PBXFileReference; lastKnownFileType = text.plist.xml; path = "TarjetaGolf-Info.plist"; sourceTree = "<group>"; };
		AEF60E8218071E700037F3F8 /* en */ = {isa = PBXFileReference; lastKnownFileType = text.plist.strings; name = en; path = en.lproj/InfoPlist.strings; sourceTree = "<group>"; };
		AEF60E8418071E700037F3F8 /* main.m */ = {isa = PBXFileReference; lastKnownFileType = sourcecode.c.objc; path = main.m; sourceTree = "<group>"; };
		AEF60E8618071E700037F3F8 /* TarjetaGolf-Prefix.pch */ = {isa = PBXFileReference; lastKnownFileType = sourcecode.c.h; path = "TarjetaGolf-Prefix.pch"; sourceTree = "<group>"; };
		AEF60E8718071E700037F3F8 /* AppDelegate.h */ = {isa = PBXFileReference; lastKnownFileType = sourcecode.c.h; path = AppDelegate.h; sourceTree = "<group>"; };
		AEF60E8818071E700037F3F8 /* AppDelegate.m */ = {isa = PBXFileReference; lastKnownFileType = sourcecode.c.objc; path = AppDelegate.m; sourceTree = "<group>"; };
		AEF60E8B18071E700037F3F8 /* Base */ = {isa = PBXFileReference; lastKnownFileType = file.storyboard; name = Base; path = Base.lproj/Main.storyboard; sourceTree = "<group>"; };
		AEF60E9018071E700037F3F8 /* Images.xcassets */ = {isa = PBXFileReference; lastKnownFileType = folder.assetcatalog; path = Images.xcassets; sourceTree = "<group>"; };
		AEF60E9618071E710037F3F8 /* TarjetaGolfTests.xctest */ = {isa = PBXFileReference; explicitFileType = wrapper.cfbundle; includeInIndex = 0; path = TarjetaGolfTests.xctest; sourceTree = BUILT_PRODUCTS_DIR; };
		AEF60E9718071E710037F3F8 /* XCTest.framework */ = {isa = PBXFileReference; lastKnownFileType = wrapper.framework; name = XCTest.framework; path = Library/Frameworks/XCTest.framework; sourceTree = DEVELOPER_DIR; };
		AEF60E9F18071E710037F3F8 /* TarjetaGolfTests-Info.plist */ = {isa = PBXFileReference; lastKnownFileType = text.plist.xml; path = "TarjetaGolfTests-Info.plist"; sourceTree = "<group>"; };
		AEF60EA118071E710037F3F8 /* en */ = {isa = PBXFileReference; lastKnownFileType = text.plist.strings; name = en; path = en.lproj/InfoPlist.strings; sourceTree = "<group>"; };
		AEF60EA318071E710037F3F8 /* TarjetaGolfTests.m */ = {isa = PBXFileReference; lastKnownFileType = sourcecode.c.objc; path = TarjetaGolfTests.m; sourceTree = "<group>"; };
		AEF60EAD18071F580037F3F8 /* portadaViewController.h */ = {isa = PBXFileReference; fileEncoding = 4; lastKnownFileType = sourcecode.c.h; path = portadaViewController.h; sourceTree = "<group>"; };
		AEF60EAE18071F580037F3F8 /* portadaViewController.m */ = {isa = PBXFileReference; fileEncoding = 4; lastKnownFileType = sourcecode.c.objc; path = portadaViewController.m; sourceTree = "<group>"; };
		AEF60EB118071F7B0037F3F8 /* inicioViewController.h */ = {isa = PBXFileReference; fileEncoding = 4; lastKnownFileType = sourcecode.c.h; path = inicioViewController.h; sourceTree = "<group>"; };
		AEF60EB218071F7B0037F3F8 /* inicioViewController.m */ = {isa = PBXFileReference; fileEncoding = 4; lastKnownFileType = sourcecode.c.objc; path = inicioViewController.m; sourceTree = "<group>"; };
		AEF60EB518071FA30037F3F8 /* numeroDeHoyosViewController.h */ = {isa = PBXFileReference; fileEncoding = 4; lastKnownFileType = sourcecode.c.h; path = numeroDeHoyosViewController.h; sourceTree = "<group>"; };
		AEF60EB618071FA30037F3F8 /* numeroDeHoyosViewController.m */ = {isa = PBXFileReference; fileEncoding = 4; lastKnownFileType = sourcecode.c.objc; path = numeroDeHoyosViewController.m; sourceTree = "<group>"; };
		AEF60EB918071FBC0037F3F8 /* scoreViewController.h */ = {isa = PBXFileReference; fileEncoding = 4; lastKnownFileType = sourcecode.c.h; path = scoreViewController.h; sourceTree = "<group>"; };
		AEF60EBA18071FBC0037F3F8 /* scoreViewController.m */ = {isa = PBXFileReference; fileEncoding = 4; lastKnownFileType = sourcecode.c.objc; path = scoreViewController.m; sourceTree = "<group>"; };
		AEF60EBD18071FE10037F3F8 /* statsViewController.h */ = {isa = PBXFileReference; fileEncoding = 4; lastKnownFileType = sourcecode.c.h; path = statsViewController.h; sourceTree = "<group>"; };
		AEF60EBE18071FE10037F3F8 /* statsViewController.m */ = {isa = PBXFileReference; fileEncoding = 4; lastKnownFileType = sourcecode.c.objc; path = statsViewController.m; sourceTree = "<group>"; };
/* End PBXFileReference section */

/* Begin PBXFrameworksBuildPhase section */
		AEF60E7218071E700037F3F8 /* Frameworks */ = {
			isa = PBXFrameworksBuildPhase;
			buildActionMask = 2147483647;
			files = (
				AEF60E7B18071E700037F3F8 /* CoreGraphics.framework in Frameworks */,
				AEF60E7D18071E700037F3F8 /* UIKit.framework in Frameworks */,
				AEF60E7918071E700037F3F8 /* Foundation.framework in Frameworks */,
			);
			runOnlyForDeploymentPostprocessing = 0;
		};
		AEF60E9318071E710037F3F8 /* Frameworks */ = {
			isa = PBXFrameworksBuildPhase;
			buildActionMask = 2147483647;
			files = (
				AEF60E9818071E710037F3F8 /* XCTest.framework in Frameworks */,
				AEF60E9A18071E710037F3F8 /* UIKit.framework in Frameworks */,
				AEF60E9918071E710037F3F8 /* Foundation.framework in Frameworks */,
			);
			runOnlyForDeploymentPostprocessing = 0;
		};
/* End PBXFrameworksBuildPhase section */

/* Begin PBXGroup section */
		AE55C2B81808A01F00209AB1 /* Numeros de golpes */ = {
			isa = PBXGroup;
			children = (
				AE55C2B91808A04C00209AB1 /* golpe1.png */,
				AE55C2BA1808A04C00209AB1 /* golpe2.png */,
				AE55C2BB1808A04C00209AB1 /* golpe3.png */,
				AE55C2BC1808A04C00209AB1 /* golpe4.png */,
				AE55C2BD1808A04C00209AB1 /* golpe5.png */,
				AE55C2BE1808A04C00209AB1 /* golpe6.png */,
				AE55C2BF1808A04C00209AB1 /* golpe7.png */,
				AE55C2C01808A04C00209AB1 /* golpe8.png */,
				AE55C2C11808A04C00209AB1 /* golpe9.png */,
			);
			name = "Numeros de golpes";
			sourceTree = "<group>";
		};
		AEF60E6C18071E700037F3F8 = {
			isa = PBXGroup;
			children = (
				AEF60E7E18071E700037F3F8 /* TarjetaGolf */,
				AEF60E9D18071E710037F3F8 /* TarjetaGolfTests */,
				AEF60E7718071E700037F3F8 /* Frameworks */,
				AEF60E7618071E700037F3F8 /* Products */,
			);
			sourceTree = "<group>";
		};
		AEF60E7618071E700037F3F8 /* Products */ = {
			isa = PBXGroup;
			children = (
				AEF60E7518071E700037F3F8 /* TarjetaGolf.app */,
				AEF60E9618071E710037F3F8 /* TarjetaGolfTests.xctest */,
			);
			name = Products;
			sourceTree = "<group>";
		};
		AEF60E7718071E700037F3F8 /* Frameworks */ = {
			isa = PBXGroup;
			children = (
				AEF60E7818071E700037F3F8 /* Foundation.framework */,
				AEF60E7A18071E700037F3F8 /* CoreGraphics.framework */,
				AEF60E7C18071E700037F3F8 /* UIKit.framework */,
				AEF60E9718071E710037F3F8 /* XCTest.framework */,
			);
			name = Frameworks;
			sourceTree = "<group>";
		};
		AEF60E7E18071E700037F3F8 /* TarjetaGolf */ = {
			isa = PBXGroup;
			children = (
				AEF60EC118071FF90037F3F8 /* images */,
				AEF60E8718071E700037F3F8 /* AppDelegate.h */,
				AEF60E8818071E700037F3F8 /* AppDelegate.m */,
				AEF60E8A18071E700037F3F8 /* Main.storyboard */,
				AEF60E9018071E700037F3F8 /* Images.xcassets */,
				AEF60E7F18071E700037F3F8 /* Supporting Files */,
				AEF60EB018071F5F0037F3F8 /* portadaViewController */,
				AEF60EB418071F800037F3F8 /* inicioViewController */,
				AEF60EB818071FA60037F3F8 /* numeroDeHoyosViewController */,
				AEF60EBC18071FC20037F3F8 /* scoreViewController */,
				AEF60EC018071FE60037F3F8 /* statsViewController */,
			);
			path = TarjetaGolf;
			sourceTree = "<group>";
		};
		AEF60E7F18071E700037F3F8 /* Supporting Files */ = {
			isa = PBXGroup;
			children = (
				AEF60E8018071E700037F3F8 /* TarjetaGolf-Info.plist */,
				AEF60E8118071E700037F3F8 /* InfoPlist.strings */,
				AEF60E8418071E700037F3F8 /* main.m */,
				AEF60E8618071E700037F3F8 /* TarjetaGolf-Prefix.pch */,
			);
			name = "Supporting Files";
			sourceTree = "<group>";
		};
		AEF60E9D18071E710037F3F8 /* TarjetaGolfTests */ = {
			isa = PBXGroup;
			children = (
				AEF60EA318071E710037F3F8 /* TarjetaGolfTests.m */,
				AEF60E9E18071E710037F3F8 /* Supporting Files */,
			);
			path = TarjetaGolfTests;
			sourceTree = "<group>";
		};
		AEF60E9E18071E710037F3F8 /* Supporting Files */ = {
			isa = PBXGroup;
			children = (
				AEF60E9F18071E710037F3F8 /* TarjetaGolfTests-Info.plist */,
				AEF60EA018071E710037F3F8 /* InfoPlist.strings */,
			);
			name = "Supporting Files";
			sourceTree = "<group>";
		};
		AEF60EB018071F5F0037F3F8 /* portadaViewController */ = {
			isa = PBXGroup;
			children = (
				AEF60EAD18071F580037F3F8 /* portadaViewController.h */,
				AEF60EAE18071F580037F3F8 /* portadaViewController.m */,
			);
			name = portadaViewController;
			sourceTree = "<group>";
		};
		AEF60EB418071F800037F3F8 /* inicioViewController */ = {
			isa = PBXGroup;
			children = (
				AEF60EB118071F7B0037F3F8 /* inicioViewController.h */,
				AEF60EB218071F7B0037F3F8 /* inicioViewController.m */,
			);
			name = inicioViewController;
			sourceTree = "<group>";
		};
		AEF60EB818071FA60037F3F8 /* numeroDeHoyosViewController */ = {
			isa = PBXGroup;
			children = (
				AEF60EB518071FA30037F3F8 /* numeroDeHoyosViewController.h */,
				AEF60EB618071FA30037F3F8 /* numeroDeHoyosViewController.m */,
			);
			name = numeroDeHoyosViewController;
			sourceTree = "<group>";
		};
		AEF60EBC18071FC20037F3F8 /* scoreViewController */ = {
			isa = PBXGroup;
			children = (
				AEF60EB918071FBC0037F3F8 /* scoreViewController.h */,
				AEF60EBA18071FBC0037F3F8 /* scoreViewController.m */,
			);
			name = scoreViewController;
			sourceTree = "<group>";
		};
		AEF60EC018071FE60037F3F8 /* statsViewController */ = {
			isa = PBXGroup;
			children = (
				AEF60EBD18071FE10037F3F8 /* statsViewController.h */,
				AEF60EBE18071FE10037F3F8 /* statsViewController.m */,
			);
			name = statsViewController;
			sourceTree = "<group>";
		};
		AEF60EC118071FF90037F3F8 /* images */ = {
			isa = PBXGroup;
			children = (
				AE55C2B81808A01F00209AB1 /* Numeros de golpes */,
				AE55BC2B1807DE0800209AB1 /* Default-568h@2x.png */,
				AE55BC2C1807DE0800209AB1 /* Default@2x.png */,
				AEF60F0C1807209F0037F3F8 /* Imagenes botones */,
				AEF60EE7180720340037F3F8 /* Numeros de las banderas */,
			);
			name = images;
			sourceTree = "<group>";
		};
		AEF60EE7180720340037F3F8 /* Numeros de las banderas */ = {
			isa = PBXGroup;
			children = (
				AE55C26818089F2000209AB1 /* 1.png */,
				AE55C26918089F2000209AB1 /* 2.png */,
				AE55C26A18089F2000209AB1 /* 3.png */,
				AE55C26B18089F2000209AB1 /* 4.png */,
				AE55C26C18089F2000209AB1 /* 5.png */,
				AE55C26D18089F2000209AB1 /* 6.png */,
				AE55C26E18089F2000209AB1 /* 7.png */,
				AE55C26F18089F2000209AB1 /* 8.png */,
				AE55C27018089F2000209AB1 /* 9.png */,
				AE55C27118089F2000209AB1 /* 10.png */,
				AE55C27218089F2000209AB1 /* 11.png */,
				AE55C27318089F2000209AB1 /* 12.png */,
				AE55C27418089F2000209AB1 /* 13.png */,
				AE55C27518089F2000209AB1 /* 14.png */,
				AE55C27618089F2000209AB1 /* 15.png */,
				AE55C27718089F2000209AB1 /* 16.png */,
				AE55C27818089F2000209AB1 /* 17.png */,
				AE55C27918089F2000209AB1 /* 18.png */,
			);
			name = "Numeros de las banderas";
			sourceTree = "<group>";
		};
		AEF60F0C1807209F0037F3F8 /* Imagenes botones */ = {
			isa = PBXGroup;
			children = (
				AE55C2CD1808A0EF00209AB1 /* pantalla-inicio.png */,
				AE55C2CB1808A08600209AB1 /* score-card.jpg */,
				AE55C29C1808A00600209AB1 /* dieciochoHoyos.png */,
				AE55C29D1808A00600209AB1 /* elegirPar3.png */,
				AE55C29E1808A00600209AB1 /* elegirPar4.png */,
				AE55C29F1808A00600209AB1 /* elegirPar5.png */,
				AE55C2A01808A00600209AB1 /* fondo.jpg */,
				AE55C2A11808A00600209AB1 /* golpemas.png */,
				AE55C2A21808A00600209AB1 /* golpemenos.png */,
				AE55C2A31808A00600209AB1 /* ladodcho.png */,
				AE55C2A41808A00600209AB1 /* ladoizdo.png */,
				AE55C2A51808A00600209AB1 /* masomenos.png */,
				AE55C2A61808A00600209AB1 /* nueveHoyos.png */,
				AE55C2A71808A00600209AB1 /* play.png */,
				AE55C2A81808A00600209AB1 /* score-card.png */,
				AE55C2A91808A00600209AB1 /* stats.png */,
				AE55C28C18089FEC00209AB1 /* bolablanca.png */,
				AE55C28D18089FEC00209AB1 /* bolaroja.png */,
				AE55C28E18089FEC00209AB1 /* bolaverde.png */,
				AE55C28F18089FEC00209AB1 /* boton-amarillo.png */,
				AE55C29018089FEC00209AB1 /* boton-azul.png */,
				AE55C29118089FEC00209AB1 /* boton-blanco.png */,
				AE55C29218089FEC00209AB1 /* boton-rojo.png */,
				AE55C29318089FEC00209AB1 /* botonVolver.png */,
			);
			name = "Imagenes botones";
			sourceTree = "<group>";
		};
/* End PBXGroup section */

/* Begin PBXNativeTarget section */
		AEF60E7418071E700037F3F8 /* TarjetaGolf */ = {
			isa = PBXNativeTarget;
			buildConfigurationList = AEF60EA718071E710037F3F8 /* Build configuration list for PBXNativeTarget "TarjetaGolf" */;
			buildPhases = (
				AEF60E7118071E700037F3F8 /* Sources */,
				AEF60E7218071E700037F3F8 /* Frameworks */,
				AEF60E7318071E700037F3F8 /* Resources */,
			);
			buildRules = (
			);
			dependencies = (
			);
			name = TarjetaGolf;
			productName = TarjetaGolf;
			productReference = AEF60E7518071E700037F3F8 /* TarjetaGolf.app */;
			productType = "com.apple.product-type.application";
		};
		AEF60E9518071E710037F3F8 /* TarjetaGolfTests */ = {
			isa = PBXNativeTarget;
			buildConfigurationList = AEF60EAA18071E710037F3F8 /* Build configuration list for PBXNativeTarget "TarjetaGolfTests" */;
			buildPhases = (
				AEF60E9218071E710037F3F8 /* Sources */,
				AEF60E9318071E710037F3F8 /* Frameworks */,
				AEF60E9418071E710037F3F8 /* Resources */,
			);
			buildRules = (
			);
			dependencies = (
				AEF60E9C18071E710037F3F8 /* PBXTargetDependency */,
			);
			name = TarjetaGolfTests;
			productName = TarjetaGolfTests;
			productReference = AEF60E9618071E710037F3F8 /* TarjetaGolfTests.xctest */;
			productType = "com.apple.product-type.bundle.unit-test";
		};
/* End PBXNativeTarget section */

/* Begin PBXProject section */
		AEF60E6D18071E700037F3F8 /* Project object */ = {
			isa = PBXProject;
			attributes = {
				LastUpgradeCheck = 0500;
				ORGANIZATIONNAME = "German Bonilla Monterde";
				TargetAttributes = {
					AEF60E9518071E710037F3F8 = {
						TestTargetID = AEF60E7418071E700037F3F8;
					};
				};
			};
			buildConfigurationList = AEF60E7018071E700037F3F8 /* Build configuration list for PBXProject "TarjetaGolf" */;
			compatibilityVersion = "Xcode 3.2";
			developmentRegion = English;
			hasScannedForEncodings = 0;
			knownRegions = (
				en,
				Base,
			);
			mainGroup = AEF60E6C18071E700037F3F8;
			productRefGroup = AEF60E7618071E700037F3F8 /* Products */;
			projectDirPath = "";
			projectRoot = "";
			targets = (
				AEF60E7418071E700037F3F8 /* TarjetaGolf */,
				AEF60E9518071E710037F3F8 /* TarjetaGolfTests */,
			);
		};
/* End PBXProject section */

/* Begin PBXResourcesBuildPhase section */
		AEF60E7318071E700037F3F8 /* Resources */ = {
			isa = PBXResourcesBuildPhase;
			buildActionMask = 2147483647;
			files = (
				AE55C2B41808A00600209AB1 /* nueveHoyos.png in Resources */,
				AE55C29418089FEC00209AB1 /* bolablanca.png in Resources */,
				AE55C2C71808A04C00209AB1 /* golpe6.png in Resources */,
				AE55C2AF1808A00600209AB1 /* golpemas.png in Resources */,
				AE55C29518089FEC00209AB1 /* bolaroja.png in Resources */,
				AE55C28718089F2000209AB1 /* 14.png in Resources */,
				AE55C27F18089F2000209AB1 /* 6.png in Resources */,
				AE55C29818089FEC00209AB1 /* boton-azul.png in Resources */,
				AE55C2B31808A00600209AB1 /* masomenos.png in Resources */,
				AE55C2B61808A00600209AB1 /* score-card.png in Resources */,
				AE55C2AB1808A00600209AB1 /* elegirPar3.png in Resources */,
				AE55C2CE1808A0EF00209AB1 /* pantalla-inicio.png in Resources */,
				AE55C2C81808A04C00209AB1 /* golpe7.png in Resources */,
				AE55C27D18089F2000209AB1 /* 4.png in Resources */,
				AE55C2B01808A00600209AB1 /* golpemenos.png in Resources */,
				AE55C27E18089F2000209AB1 /* 5.png in Resources */,
				AE55C2B11808A00600209AB1 /* ladodcho.png in Resources */,
				AE55C28018089F2000209AB1 /* 7.png in Resources */,
				AE55C29918089FEC00209AB1 /* boton-blanco.png in Resources */,
				AE55BC2E1807DE0800209AB1 /* Default@2x.png in Resources */,
				AE55C28318089F2000209AB1 /* 10.png in Resources */,
				AEF60E9118071E700037F3F8 /* Images.xcassets in Resources */,
				AE55C2B71808A00600209AB1 /* stats.png in Resources */,
				AE55C29B18089FEC00209AB1 /* botonVolver.png in Resources */,
				AE55C29618089FEC00209AB1 /* bolaverde.png in Resources */,
				AE55C27B18089F2000209AB1 /* 2.png in Resources */,
				AE55C2C61808A04C00209AB1 /* golpe5.png in Resources */,
				AE55C2C41808A04C00209AB1 /* golpe3.png in Resources */,
				AE55C2AC1808A00600209AB1 /* elegirPar4.png in Resources */,
				AE55C27C18089F2000209AB1 /* 3.png in Resources */,
				AE55BC2D1807DE0800209AB1 /* Default-568h@2x.png in Resources */,
				AE55C2CC1808A08600209AB1 /* score-card.jpg in Resources */,
				AE55C29718089FEC00209AB1 /* boton-amarillo.png in Resources */,
				AE55C28918089F2000209AB1 /* 16.png in Resources */,
				AE55C28518089F2000209AB1 /* 12.png in Resources */,
				AE55C28618089F2000209AB1 /* 13.png in Resources */,
				AE55C28218089F2000209AB1 /* 9.png in Resources */,
				AE55C28A18089F2000209AB1 /* 17.png in Resources */,
				AE55C28B18089F2000209AB1 /* 18.png in Resources */,
				AE55C2AD1808A00600209AB1 /* elegirPar5.png in Resources */,
				AE55C28418089F2000209AB1 /* 11.png in Resources */,
				AE55C2C31808A04C00209AB1 /* golpe2.png in Resources */,
				AE55C29A18089FEC00209AB1 /* boton-rojo.png in Resources */,
				AE55C28818089F2000209AB1 /* 15.png in Resources */,
				AE55C2AE1808A00600209AB1 /* fondo.jpg in Resources */,
				AE55C2B51808A00600209AB1 /* play.png in Resources */,
				AE55C2C91808A04C00209AB1 /* golpe8.png in Resources */,
				AE55C28118089F2000209AB1 /* 8.png in Resources */,
				AE55C27A18089F2000209AB1 /* 1.png in Resources */,
				AE55C2CA1808A04C00209AB1 /* golpe9.png in Resources */,
				AEF60E8318071E700037F3F8 /* InfoPlist.strings in Resources */,
				AE55C2C51808A04C00209AB1 /* golpe4.png in Resources */,
				AE55C2B21808A00600209AB1 /* ladoizdo.png in Resources */,
				AE55C2AA1808A00600209AB1 /* dieciochoHoyos.png in Resources */,
				AEF60E8C18071E700037F3F8 /* Main.storyboard in Resources */,
				AE55C2C21808A04C00209AB1 /* golpe1.png in Resources */,
			);
			runOnlyForDeploymentPostprocessing = 0;
		};
		AEF60E9418071E710037F3F8 /* Resources */ = {
			isa = PBXResourcesBuildPhase;
			buildActionMask = 2147483647;
			files = (
				AEF60EA218071E710037F3F8 /* InfoPlist.strings in Resources */,
			);
			runOnlyForDeploymentPostprocessing = 0;
		};
/* End PBXResourcesBuildPhase section */

/* Begin PBXSourcesBuildPhase section */
		AEF60E7118071E700037F3F8 /* Sources */ = {
			isa = PBXSourcesBuildPhase;
			buildActionMask = 2147483647;
			files = (
				AEF60E8918071E700037F3F8 /* AppDelegate.m in Sources */,
				AEF60E8518071E700037F3F8 /* main.m in Sources */,
				AEF60EAF18071F580037F3F8 /* portadaViewController.m in Sources */,
				AEF60EBF18071FE10037F3F8 /* statsViewController.m in Sources */,
				AEF60EBB18071FBC0037F3F8 /* scoreViewController.m in Sources */,
				AEF60EB718071FA30037F3F8 /* numeroDeHoyosViewController.m in Sources */,
				AEF60EB318071F7B0037F3F8 /* inicioViewController.m in Sources */,
			);
			runOnlyForDeploymentPostprocessing = 0;
		};
		AEF60E9218071E710037F3F8 /* Sources */ = {
			isa = PBXSourcesBuildPhase;
			buildActionMask = 2147483647;
			files = (
				AEF60EA418071E710037F3F8 /* TarjetaGolfTests.m in Sources */,
			);
			runOnlyForDeploymentPostprocessing = 0;
		};
/* End PBXSourcesBuildPhase section */

/* Begin PBXTargetDependency section */
		AEF60E9C18071E710037F3F8 /* PBXTargetDependency */ = {
			isa = PBXTargetDependency;
			target = AEF60E7418071E700037F3F8 /* TarjetaGolf */;
			targetProxy = AEF60E9B18071E710037F3F8 /* PBXContainerItemProxy */;
		};
/* End PBXTargetDependency section */

/* Begin PBXVariantGroup section */
		AEF60E8118071E700037F3F8 /* InfoPlist.strings */ = {
			isa = PBXVariantGroup;
			children = (
				AEF60E8218071E700037F3F8 /* en */,
			);
			name = InfoPlist.strings;
			sourceTree = "<group>";
		};
		AEF60E8A18071E700037F3F8 /* Main.storyboard */ = {
			isa = PBXVariantGroup;
			children = (
				AEF60E8B18071E700037F3F8 /* Base */,
			);
			name = Main.storyboard;
			sourceTree = "<group>";
		};
		AEF60EA018071E710037F3F8 /* InfoPlist.strings */ = {
			isa = PBXVariantGroup;
			children = (
				AEF60EA118071E710037F3F8 /* en */,
			);
			name = InfoPlist.strings;
			sourceTree = "<group>";
		};
/* End PBXVariantGroup section */

/* Begin XCBuildConfiguration section */
		AEF60EA518071E710037F3F8 /* Debug */ = {
			isa = XCBuildConfiguration;
			buildSettings = {
				ALWAYS_SEARCH_USER_PATHS = NO;
				ARCHS = "$(ARCHS_STANDARD_INCLUDING_64_BIT)";
				CLANG_CXX_LANGUAGE_STANDARD = "gnu++0x";
				CLANG_CXX_LIBRARY = "libc++";
				CLANG_ENABLE_MODULES = YES;
				CLANG_ENABLE_OBJC_ARC = YES;
				CLANG_WARN_BOOL_CONVERSION = YES;
				CLANG_WARN_CONSTANT_CONVERSION = YES;
				CLANG_WARN_DIRECT_OBJC_ISA_USAGE = YES_ERROR;
				CLANG_WARN_EMPTY_BODY = YES;
				CLANG_WARN_ENUM_CONVERSION = YES;
				CLANG_WARN_INT_CONVERSION = YES;
				CLANG_WARN_OBJC_ROOT_CLASS = YES_ERROR;
				CLANG_WARN__DUPLICATE_METHOD_MATCH = YES;
				"CODE_SIGN_IDENTITY[sdk=iphoneos*]" = "iPhone Developer";
				COPY_PHASE_STRIP = NO;
				GCC_C_LANGUAGE_STANDARD = gnu99;
				GCC_DYNAMIC_NO_PIC = NO;
				GCC_OPTIMIZATION_LEVEL = 0;
				GCC_PREPROCESSOR_DEFINITIONS = (
					"DEBUG=1",
					"$(inherited)",
				);
				GCC_SYMBOLS_PRIVATE_EXTERN = NO;
				GCC_WARN_64_TO_32_BIT_CONVERSION = YES;
				GCC_WARN_ABOUT_RETURN_TYPE = YES_ERROR;
				GCC_WARN_UNDECLARED_SELECTOR = YES;
				GCC_WARN_UNINITIALIZED_AUTOS = YES;
				GCC_WARN_UNUSED_FUNCTION = YES;
				GCC_WARN_UNUSED_VARIABLE = YES;
				IPHONEOS_DEPLOYMENT_TARGET = 6.0;
				ONLY_ACTIVE_ARCH = YES;
				SDKROOT = iphoneos;
			};
			name = Debug;
		};
		AEF60EA618071E710037F3F8 /* Release */ = {
			isa = XCBuildConfiguration;
			buildSettings = {
				ALWAYS_SEARCH_USER_PATHS = NO;
				ARCHS = "$(ARCHS_STANDARD_INCLUDING_64_BIT)";
				CLANG_CXX_LANGUAGE_STANDARD = "gnu++0x";
				CLANG_CXX_LIBRARY = "libc++";
				CLANG_ENABLE_MODULES = YES;
				CLANG_ENABLE_OBJC_ARC = YES;
				CLANG_WARN_BOOL_CONVERSION = YES;
				CLANG_WARN_CONSTANT_CONVERSION = YES;
				CLANG_WARN_DIRECT_OBJC_ISA_USAGE = YES_ERROR;
				CLANG_WARN_EMPTY_BODY = YES;
				CLANG_WARN_ENUM_CONVERSION = YES;
				CLANG_WARN_INT_CONVERSION = YES;
				CLANG_WARN_OBJC_ROOT_CLASS = YES_ERROR;
				CLANG_WARN__DUPLICATE_METHOD_MATCH = YES;
				"CODE_SIGN_IDENTITY[sdk=iphoneos*]" = "iPhone Developer";
				COPY_PHASE_STRIP = YES;
				ENABLE_NS_ASSERTIONS = NO;
				GCC_C_LANGUAGE_STANDARD = gnu99;
				GCC_WARN_64_TO_32_BIT_CONVERSION = YES;
				GCC_WARN_ABOUT_RETURN_TYPE = YES_ERROR;
				GCC_WARN_UNDECLARED_SELECTOR = YES;
				GCC_WARN_UNINITIALIZED_AUTOS = YES;
				GCC_WARN_UNUSED_FUNCTION = YES;
				GCC_WARN_UNUSED_VARIABLE = YES;
				IPHONEOS_DEPLOYMENT_TARGET = 6.0;
				SDKROOT = iphoneos;
				VALIDATE_PRODUCT = YES;
			};
			name = Release;
		};
		AEF60EA818071E710037F3F8 /* Debug */ = {
			isa = XCBuildConfiguration;
			buildSettings = {
				ASSETCATALOG_COMPILER_APPICON_NAME = AppIcon;
				ASSETCATALOG_COMPILER_LAUNCHIMAGE_NAME = LaunchImage;
				CODE_SIGN_IDENTITY = "iPhone Developer";
				GCC_PRECOMPILE_PREFIX_HEADER = YES;
				GCC_PREFIX_HEADER = "TarjetaGolf/TarjetaGolf-Prefix.pch";
				INFOPLIST_FILE = "TarjetaGolf/TarjetaGolf-Info.plist";
				PRODUCT_NAME = "$(TARGET_NAME)";
				TARGETED_DEVICE_FAMILY = 1;
				WRAPPER_EXTENSION = app;
			};
			name = Debug;
		};
		AEF60EA918071E710037F3F8 /* Release */ = {
			isa = XCBuildConfiguration;
			buildSettings = {
				ASSETCATALOG_COMPILER_APPICON_NAME = AppIcon;
				ASSETCATALOG_COMPILER_LAUNCHIMAGE_NAME = LaunchImage;
				CODE_SIGN_IDENTITY = "iPhone Developer";
				GCC_PRECOMPILE_PREFIX_HEADER = YES;
				GCC_PREFIX_HEADER = "TarjetaGolf/TarjetaGolf-Prefix.pch";
				INFOPLIST_FILE = "TarjetaGolf/TarjetaGolf-Info.plist";
				PRODUCT_NAME = "$(TARGET_NAME)";
				TARGETED_DEVICE_FAMILY = 1;
				WRAPPER_EXTENSION = app;
			};
			name = Release;
		};
		AEF60EAB18071E710037F3F8 /* Debug */ = {
			isa = XCBuildConfiguration;
			buildSettings = {
				ARCHS = "$(ARCHS_STANDARD_INCLUDING_64_BIT)";
				BUNDLE_LOADER = "$(BUILT_PRODUCTS_DIR)/TarjetaGolf.app/TarjetaGolf";
				FRAMEWORK_SEARCH_PATHS = (
					"$(SDKROOT)/Developer/Library/Frameworks",
					"$(inherited)",
					"$(DEVELOPER_FRAMEWORKS_DIR)",
				);
				GCC_PRECOMPILE_PREFIX_HEADER = YES;
				GCC_PREFIX_HEADER = "TarjetaGolf/TarjetaGolf-Prefix.pch";
				GCC_PREPROCESSOR_DEFINITIONS = (
					"DEBUG=1",
					"$(inherited)",
				);
				INFOPLIST_FILE = "TarjetaGolfTests/TarjetaGolfTests-Info.plist";
				PRODUCT_NAME = "$(TARGET_NAME)";
				TEST_HOST = "$(BUNDLE_LOADER)";
				WRAPPER_EXTENSION = xctest;
			};
			name = Debug;
		};
		AEF60EAC18071E710037F3F8 /* Release */ = {
			isa = XCBuildConfiguration;
			buildSettings = {
				ARCHS = "$(ARCHS_STANDARD_INCLUDING_64_BIT)";
				BUNDLE_LOADER = "$(BUILT_PRODUCTS_DIR)/TarjetaGolf.app/TarjetaGolf";
				FRAMEWORK_SEARCH_PATHS = (
					"$(SDKROOT)/Developer/Library/Frameworks",
					"$(inherited)",
					"$(DEVELOPER_FRAMEWORKS_DIR)",
				);
				GCC_PRECOMPILE_PREFIX_HEADER = YES;
				GCC_PREFIX_HEADER = "TarjetaGolf/TarjetaGolf-Prefix.pch";
				INFOPLIST_FILE = "TarjetaGolfTests/TarjetaGolfTests-Info.plist";
				PRODUCT_NAME = "$(TARGET_NAME)";
				TEST_HOST = "$(BUNDLE_LOADER)";
				WRAPPER_EXTENSION = xctest;
			};
			name = Release;
		};
/* End XCBuildConfiguration section */

/* Begin XCConfigurationList section */
		AEF60E7018071E700037F3F8 /* Build configuration list for PBXProject "TarjetaGolf" */ = {
			isa = XCConfigurationList;
			buildConfigurations = (
				AEF60EA518071E710037F3F8 /* Debug */,
				AEF60EA618071E710037F3F8 /* Release */,
			);
			defaultConfigurationIsVisible = 0;
			defaultConfigurationName = Release;
		};
		AEF60EA718071E710037F3F8 /* Build configuration list for PBXNativeTarget "TarjetaGolf" */ = {
			isa = XCConfigurationList;
			buildConfigurations = (
				AEF60EA818071E710037F3F8 /* Debug */,
				AEF60EA918071E710037F3F8 /* Release */,
			);
			defaultConfigurationIsVisible = 0;
			defaultConfigurationName = Release;
		};
		AEF60EAA18071E710037F3F8 /* Build configuration list for PBXNativeTarget "TarjetaGolfTests" */ = {
			isa = XCConfigurationList;
			buildConfigurations = (
				AEF60EAB18071E710037F3F8 /* Debug */,
				AEF60EAC18071E710037F3F8 /* Release */,
			);
			defaultConfigurationIsVisible = 0;
			defaultConfigurationName = Release;
		};
/* End XCConfigurationList section */
	};
	rootObject = AEF60E6D18071E700037F3F8 /* Project object */;
}
